
Microsoft Visual Studio Solution File, Format Version 12.00
# Visual Studio Version 16
VisualStudioVersion = 16.0.31729.503
MinimumVisualStudioVersion = 10.0.40219.1
Project("{888888A0-9F3D-457C-B088-3A5042F75D52}") = "Python SFS W3 sockets", "Python SFS W3 sockets\Python SFS W3 sockets.pyproj", "{AD338B9A-7FB5-43F0-B8A1-08065A7FCB57}"
EndProject
Global
	GlobalSection(SolutionConfigurationPlatforms) = preSolution
		Debug|Any CPU = Debug|Any CPU
		Release|Any CPU = Release|Any CPU
	EndGlobalSection
	GlobalSection(ProjectConfigurationPlatforms) = postSolution
		{AD338B9A-7FB5-43F0-B8A1-08065A7FCB57}.Debug|Any CPU.ActiveCfg = Debug|Any CPU
		{AD338B9A-7FB5-43F0-B8A1-08065A7FCB57}.Release|Any CPU.ActiveCfg = Release|Any CPU
	EndGlobalSection
	GlobalSection(SolutionProperties) = preSolution
		HideSolutionNode = FALSE
	EndGlobalSection
	GlobalSection(ExtensibilityGlobals) = postSolution
		SolutionGuid = {14AD556B-07D0-4451-BC5B-149558CF4E85}
	EndGlobalSection
EndGlobal
